
Microsoft Visual Studio Solution File, Format Version 12.00
# Visual Studio Version 16
VisualStudioVersion = 16.0.29806.167
MinimumVisualStudioVersion = 10.0.40219.1
Project("{9A19103F-16F7-4668-BE54-9A1E7A4F7556}") = "Teste.LottoCap", "Teste.LottoCap.csproj", "{3ABBC09C-74A5-4882-A228-F9C624D46431}"
EndProject
Project("{9A19103F-16F7-4668-BE54-9A1E7A4F7556}") = "Teste.LottoCap.Test", "..\Teste.LottoCap.Test\Teste.LottoCap.Test.csproj", "{01CFB47C-76AB-4CD5-B934-845281907EE5}"
EndProject
Project("{2150E333-8FDC-42A3-9474-1A3956D46DE8}") = "1 - Application", "1 - Application", "{A420F245-B5EF-44BE-AD1E-AF5F4EBEB2FA}"
EndProject
Project("{2150E333-8FDC-42A3-9474-1A3956D46DE8}") = "2 - Domain", "2 - Domain", "{6C0509E7-0D77-4911-9426-EA9818A30C85}"
EndProject
Project("{2150E333-8FDC-42A3-9474-1A3956D46DE8}") = "3 - Service", "3 - Service", "{FCE99166-367B-4159-A527-CBC88FC2548C}"
EndProject
Project("{2150E333-8FDC-42A3-9474-1A3956D46DE8}") = "4 - Infra", "4 - Infra", "{E3F9BE16-7B91-4E96-AF0D-0C71C6929364}"
EndProject
Project("{2150E333-8FDC-42A3-9474-1A3956D46DE8}") = "4.1 Data", "4.1 Data", "{325C514E-30C2-4C93-A14E-EBCEE94D2A67}"
EndProject
Project("{2150E333-8FDC-42A3-9474-1A3956D46DE8}") = "4.2 CrossCutting", "4.2 CrossCutting", "{0F01C48F-ECFA-43E7-AAEA-F8157AB1B0EE}"
EndProject
Project("{9A19103F-16F7-4668-BE54-9A1E7A4F7556}") = "Teste.LottoCap.Domain", "..\Teste.LottoCap.Domain\Teste.LottoCap.Domain.csproj", "{0F0B89DB-8F29-464C-9F75-36DDFDE54526}"
EndProject
Project("{9A19103F-16F7-4668-BE54-9A1E7A4F7556}") = "Teste.LottoCap.Service", "..\Teste.LottoCap.Service\Teste.LottoCap.Service.csproj", "{C00DCE1E-F47A-47D0-B3D1-891D83CD2C81}"
EndProject
Project("{9A19103F-16F7-4668-BE54-9A1E7A4F7556}") = "Teste.LottoCap.CrossCutting", "..\Teste.LottoCap.CrossCutting\Teste.LottoCap.CrossCutting.csproj", "{9D9D5411-9443-4DCE-9213-5FEE1B123D74}"
EndProject
Project("{2150E333-8FDC-42A3-9474-1A3956D46DE8}") = "5 - Test", "5 - Test", "{80E4EC4B-D84B-4A79-97FA-AF00127251BA}"
EndProject
Project("{E53339B2-1760-4266-BCC7-CA923CBCF16C}") = "docker-compose", "docker-compose.dcproj", "{C806D219-F4C5-4245-9893-D3930BD7D730}"
EndProject
Project("{2150E333-8FDC-42A3-9474-1A3956D46DE8}") = "6 - Docker", "6 - Docker", "{F309AFC1-3738-49A2-8415-7DDC49C14B48}"
EndProject
Global
	GlobalSection(SolutionConfigurationPlatforms) = preSolution
		Debug|Any CPU = Debug|Any CPU
		Release|Any CPU = Release|Any CPU
	EndGlobalSection
	GlobalSection(ProjectConfigurationPlatforms) = postSolution
		{3ABBC09C-74A5-4882-A228-F9C624D46431}.Debug|Any CPU.ActiveCfg = Debug|Any CPU
		{3ABBC09C-74A5-4882-A228-F9C624D46431}.Debug|Any CPU.Build.0 = Debug|Any CPU
		{3ABBC09C-74A5-4882-A228-F9C624D46431}.Release|Any CPU.ActiveCfg = Release|Any CPU
		{3ABBC09C-74A5-4882-A228-F9C624D46431}.Release|Any CPU.Build.0 = Release|Any CPU
		{01CFB47C-76AB-4CD5-B934-845281907EE5}.Debug|Any CPU.ActiveCfg = Debug|Any CPU
		{01CFB47C-76AB-4CD5-B934-845281907EE5}.Debug|Any CPU.Build.0 = Debug|Any CPU
		{01CFB47C-76AB-4CD5-B934-845281907EE5}.Release|Any CPU.ActiveCfg = Release|Any CPU
		{01CFB47C-76AB-4CD5-B934-845281907EE5}.Release|Any CPU.Build.0 = Release|Any CPU
		{0F0B89DB-8F29-464C-9F75-36DDFDE54526}.Debug|Any CPU.ActiveCfg = Debug|Any CPU
		{0F0B89DB-8F29-464C-9F75-36DDFDE54526}.Debug|Any CPU.Build.0 = Debug|Any CPU
		{0F0B89DB-8F29-464C-9F75-36DDFDE54526}.Release|Any CPU.ActiveCfg = Release|Any CPU
		{0F0B89DB-8F29-464C-9F75-36DDFDE54526}.Release|Any CPU.Build.0 = Release|Any CPU
		{C00DCE1E-F47A-47D0-B3D1-891D83CD2C81}.Debug|Any CPU.ActiveCfg = Debug|Any CPU
		{C00DCE1E-F47A-47D0-B3D1-891D83CD2C81}.Debug|Any CPU.Build.0 = Debug|Any CPU
		{C00DCE1E-F47A-47D0-B3D1-891D83CD2C81}.Release|Any CPU.ActiveCfg = Release|Any CPU
		{C00DCE1E-F47A-47D0-B3D1-891D83CD2C81}.Release|Any CPU.Build.0 = Release|Any CPU
		{9D9D5411-9443-4DCE-9213-5FEE1B123D74}.Debug|Any CPU.ActiveCfg = Debug|Any CPU
		{9D9D5411-9443-4DCE-9213-5FEE1B123D74}.Debug|Any CPU.Build.0 = Debug|Any CPU
		{9D9D5411-9443-4DCE-9213-5FEE1B123D74}.Release|Any CPU.ActiveCfg = Release|Any CPU
		{9D9D5411-9443-4DCE-9213-5FEE1B123D74}.Release|Any CPU.Build.0 = Release|Any CPU
		{C806D219-F4C5-4245-9893-D3930BD7D730}.Debug|Any CPU.ActiveCfg = Debug|Any CPU
		{C806D219-F4C5-4245-9893-D3930BD7D730}.Debug|Any CPU.Build.0 = Debug|Any CPU
		{C806D219-F4C5-4245-9893-D3930BD7D730}.Release|Any CPU.ActiveCfg = Release|Any CPU
		{C806D219-F4C5-4245-9893-D3930BD7D730}.Release|Any CPU.Build.0 = Release|Any CPU
	EndGlobalSection
	GlobalSection(SolutionProperties) = preSolution
		HideSolutionNode = FALSE
	EndGlobalSection
	GlobalSection(NestedProjects) = preSolution
		{3ABBC09C-74A5-4882-A228-F9C624D46431} = {A420F245-B5EF-44BE-AD1E-AF5F4EBEB2FA}
		{01CFB47C-76AB-4CD5-B934-845281907EE5} = {80E4EC4B-D84B-4A79-97FA-AF00127251BA}
		{325C514E-30C2-4C93-A14E-EBCEE94D2A67} = {E3F9BE16-7B91-4E96-AF0D-0C71C6929364}
		{0F01C48F-ECFA-43E7-AAEA-F8157AB1B0EE} = {E3F9BE16-7B91-4E96-AF0D-0C71C6929364}
		{0F0B89DB-8F29-464C-9F75-36DDFDE54526} = {6C0509E7-0D77-4911-9426-EA9818A30C85}
		{C00DCE1E-F47A-47D0-B3D1-891D83CD2C81} = {FCE99166-367B-4159-A527-CBC88FC2548C}
		{9D9D5411-9443-4DCE-9213-5FEE1B123D74} = {0F01C48F-ECFA-43E7-AAEA-F8157AB1B0EE}
		{C806D219-F4C5-4245-9893-D3930BD7D730} = {F309AFC1-3738-49A2-8415-7DDC49C14B48}
	EndGlobalSection
	GlobalSection(ExtensibilityGlobals) = postSolution
		SolutionGuid = {94E4EC7E-257B-46A5-AF69-19A72A9E7F05}
	EndGlobalSection
EndGlobal
