
Microsoft Visual Studio Solution File, Format Version 12.00
# Visual Studio Version 16
VisualStudioVersion = 16.0.29806.167
MinimumVisualStudioVersion = 10.0.40219.1
Project("{9A19103F-16F7-4668-BE54-9A1E7A4F7556}") = "Teste.LottoCap", "Teste.LottoCap.csproj", "{3ABBC09C-74A5-4882-A228-F9C624D46431}"
EndProject
Project("{FAE04EC0-301F-11D3-BF4B-00C04F79EFBC}") = "Teste.LottoCap.Test", "..\Teste.LottoCap.Test\Teste.LottoCap.Test.csproj", "{01CFB47C-76AB-4CD5-B934-845281907EE5}"
EndProject
Global
	GlobalSection(SolutionConfigurationPlatforms) = preSolution
		Debug|Any CPU = Debug|Any CPU
		Release|Any CPU = Release|Any CPU
	EndGlobalSection
	GlobalSection(ProjectConfigurationPlatforms) = postSolution
		{3ABBC09C-74A5-4882-A228-F9C624D46431}.Debug|Any CPU.ActiveCfg = Debug|Any CPU
		{3ABBC09C-74A5-4882-A228-F9C624D46431}.Debug|Any CPU.Build.0 = Debug|Any CPU
		{3ABBC09C-74A5-4882-A228-F9C624D46431}.Release|Any CPU.ActiveCfg = Release|Any CPU
		{3ABBC09C-74A5-4882-A228-F9C624D46431}.Release|Any CPU.Build.0 = Release|Any CPU
		{01CFB47C-76AB-4CD5-B934-845281907EE5}.Debug|Any CPU.ActiveCfg = Debug|Any CPU
		{01CFB47C-76AB-4CD5-B934-845281907EE5}.Debug|Any CPU.Build.0 = Debug|Any CPU
		{01CFB47C-76AB-4CD5-B934-845281907EE5}.Release|Any CPU.ActiveCfg = Release|Any CPU
		{01CFB47C-76AB-4CD5-B934-845281907EE5}.Release|Any CPU.Build.0 = Release|Any CPU
	EndGlobalSection
	GlobalSection(SolutionProperties) = preSolution
		HideSolutionNode = FALSE
	EndGlobalSection
	GlobalSection(ExtensibilityGlobals) = postSolution
		SolutionGuid = {94E4EC7E-257B-46A5-AF69-19A72A9E7F05}
	EndGlobalSection
EndGlobal
